
Microsoft Visual Studio Solution File, Format Version 12.00
# Visual Studio 2013
VisualStudioVersion = 12.0.31101.0
MinimumVisualStudioVersion = 10.0.40219.1
Project("{E24C65DC-7377-472B-9ABA-BC803B73C61A}") = "http://localhost:14393", "http://localhost:14393", "{0E7B54F8-9A14-450D-BC06-AE4017BCAA69}"
	ProjectSection(WebsiteProperties) = preProject
		UseIISExpress = "false"
		TargetFrameworkMoniker = ".NETFramework,Version%3Dv4.5"
		Debug.AspNetCompiler.VirtualPath = "/localhost_14393"
		Debug.AspNetCompiler.PhysicalPath = "E:\Jignesh\Project\Payload\Payload\TestMVC\TestMVC\"
		Debug.AspNetCompiler.TargetPath = "PrecompiledWeb\localhost_14393\"
		Debug.AspNetCompiler.Updateable = "true"
		Debug.AspNetCompiler.ForceOverwrite = "true"
		Debug.AspNetCompiler.FixedNames = "false"
		Debug.AspNetCompiler.Debug = "True"
		Release.AspNetCompiler.VirtualPath = "/localhost_14393"
		Release.AspNetCompiler.PhysicalPath = "E:\Jignesh\Project\Payload\Payload\TestMVC\TestMVC\"
		Release.AspNetCompiler.TargetPath = "PrecompiledWeb\localhost_14393\"
		Release.AspNetCompiler.Updateable = "true"
		Release.AspNetCompiler.ForceOverwrite = "true"
		Release.AspNetCompiler.FixedNames = "false"
		Release.AspNetCompiler.Debug = "False"
		SlnRelativePath = "E:\Jignesh\Project\Payload\Payload\TestMVC\TestMVC\"
	EndProjectSection
EndProject
Global
	GlobalSection(SolutionConfigurationPlatforms) = preSolution
		Debug|Any CPU = Debug|Any CPU
	EndGlobalSection
	GlobalSection(ProjectConfigurationPlatforms) = postSolution
		{0E7B54F8-9A14-450D-BC06-AE4017BCAA69}.Debug|Any CPU.ActiveCfg = Debug|Any CPU
		{0E7B54F8-9A14-450D-BC06-AE4017BCAA69}.Debug|Any CPU.Build.0 = Debug|Any CPU
	EndGlobalSection
	GlobalSection(SolutionProperties) = preSolution
		HideSolutionNode = FALSE
	EndGlobalSection
EndGlobal
